
Microsoft Visual Studio Solution File, Format Version 12.00
# Visual Studio Version 16
VisualStudioVersion = 16.0.29009.5
MinimumVisualStudioVersion = 10.0.40219.1
Project("{FAE04EC0-301F-11D3-BF4B-00C04F79EFBC}") = "CustomerSystem", "CustomerSystem\CustomerSystem.csproj", "{D62D7D83-357E-4000-9AF1-DD5FA7F4944A}"
EndProject
Global
	GlobalSection(SolutionConfigurationPlatforms) = preSolution
		Debug|Any CPU = Debug|Any CPU
		Release|Any CPU = Release|Any CPU
	EndGlobalSection
	GlobalSection(ProjectConfigurationPlatforms) = postSolution
		{D62D7D83-357E-4000-9AF1-DD5FA7F4944A}.Debug|Any CPU.ActiveCfg = Debug|Any CPU
		{D62D7D83-357E-4000-9AF1-DD5FA7F4944A}.Debug|Any CPU.Build.0 = Debug|Any CPU
		{D62D7D83-357E-4000-9AF1-DD5FA7F4944A}.Release|Any CPU.ActiveCfg = Release|Any CPU
		{D62D7D83-357E-4000-9AF1-DD5FA7F4944A}.Release|Any CPU.Build.0 = Release|Any CPU
	EndGlobalSection
	GlobalSection(SolutionProperties) = preSolution
		HideSolutionNode = FALSE
	EndGlobalSection
	GlobalSection(ExtensibilityGlobals) = postSolution
		SolutionGuid = {2ADDC23F-D732-4846-9167-DA54268D8186}
	EndGlobalSection
EndGlobal
